
Microsoft Visual Studio Solution File, Format Version 12.00
# Visual Studio Version 16
VisualStudioVersion = 16.0.31112.23
MinimumVisualStudioVersion = 10.0.40219.1
Project("{F184B08F-C81C-45F6-A57F-5ABD9991F28F}") = "vbnetpython", "vbnetpython.vbproj", "{467BBBA4-7D89-4FC5-B628-1C886CDBF70B}"
EndProject
Global
	GlobalSection(SolutionConfigurationPlatforms) = preSolution
		Debug|Any CPU = Debug|Any CPU
		Release|Any CPU = Release|Any CPU
	EndGlobalSection
	GlobalSection(ProjectConfigurationPlatforms) = postSolution
		{467BBBA4-7D89-4FC5-B628-1C886CDBF70B}.Debug|Any CPU.ActiveCfg = Debug|Any CPU
		{467BBBA4-7D89-4FC5-B628-1C886CDBF70B}.Debug|Any CPU.Build.0 = Debug|Any CPU
		{467BBBA4-7D89-4FC5-B628-1C886CDBF70B}.Release|Any CPU.ActiveCfg = Release|Any CPU
		{467BBBA4-7D89-4FC5-B628-1C886CDBF70B}.Release|Any CPU.Build.0 = Release|Any CPU
	EndGlobalSection
	GlobalSection(SolutionProperties) = preSolution
		HideSolutionNode = FALSE
	EndGlobalSection
	GlobalSection(ExtensibilityGlobals) = postSolution
		SolutionGuid = {BC0963F2-7399-4C51-B488-59831264846A}
	EndGlobalSection
EndGlobal
